
Microsoft Visual Studio Solution File, Format Version 12.00
# Visual Studio Version 18
VisualStudioVersion = 18.0.11018.127
MinimumVisualStudioVersion = 10.0.40219.1
Project("{FAE04EC0-301F-11D3-BF4B-00C04F79EFBC}") = "NeclorCommon", "..\csharp-common\NeclorCommon\NeclorCommon.csproj", "{C185EEFF-A236-FF00-5172-C7EDED744594}"
EndProject
Global
	GlobalSection(SolutionConfigurationPlatforms) = preSolution
		Debug|Any CPU = Debug|Any CPU
		Release|Any CPU = Release|Any CPU
	EndGlobalSection
	GlobalSection(ProjectConfigurationPlatforms) = postSolution
		{C185EEFF-A236-FF00-5172-C7EDED744594}.Debug|Any CPU.ActiveCfg = Debug|Any CPU
		{C185EEFF-A236-FF00-5172-C7EDED744594}.Debug|Any CPU.Build.0 = Debug|Any CPU
		{C185EEFF-A236-FF00-5172-C7EDED744594}.Release|Any CPU.ActiveCfg = Release|Any CPU
		{C185EEFF-A236-FF00-5172-C7EDED744594}.Release|Any CPU.Build.0 = Release|Any CPU
	EndGlobalSection
	GlobalSection(SolutionProperties) = preSolution
		HideSolutionNode = FALSE
	EndGlobalSection
	GlobalSection(ExtensibilityGlobals) = postSolution
		SolutionGuid = {D549E6C7-0734-49E9-9167-5D7FFAF95823}
	EndGlobalSection
EndGlobal
